
Microsoft Visual Studio Solution File, Format Version 12.00
# Visual Studio Version 17
VisualStudioVersion = 17.9.34723.18
MinimumVisualStudioVersion = 10.0.40219.1
Project("{9A19103F-16F7-4668-BE54-9A1E7A4F7556}") = "Triangle", "Triangle.csproj", "{294F7985-E8BC-4A56-8FE7-0C53CF7B6C88}"
EndProject
Global
	GlobalSection(SolutionConfigurationPlatforms) = preSolution
		Debug|Any CPU = Debug|Any CPU
		Release|Any CPU = Release|Any CPU
	EndGlobalSection
	GlobalSection(ProjectConfigurationPlatforms) = postSolution
		{294F7985-E8BC-4A56-8FE7-0C53CF7B6C88}.Debug|Any CPU.ActiveCfg = Debug|Any CPU
		{294F7985-E8BC-4A56-8FE7-0C53CF7B6C88}.Debug|Any CPU.Build.0 = Debug|Any CPU
		{294F7985-E8BC-4A56-8FE7-0C53CF7B6C88}.Release|Any CPU.ActiveCfg = Release|Any CPU
		{294F7985-E8BC-4A56-8FE7-0C53CF7B6C88}.Release|Any CPU.Build.0 = Release|Any CPU
	EndGlobalSection
	GlobalSection(SolutionProperties) = preSolution
		HideSolutionNode = FALSE
	EndGlobalSection
	GlobalSection(ExtensibilityGlobals) = postSolution
		SolutionGuid = {8E45E497-4514-46CC-8DDF-F4B61D3A0A77}
	EndGlobalSection
EndGlobal
